// !$*UTF8*$!
{
	archiveVersion = 1;
	classes = {
	};
	objectVersion = 56;
	objects = {

/* Begin PBXBuildFile section */
		3F38E9332A7C46E900DEE602 /* MainView.swift in Sources */ = {isa = PBXBuildFile; fileRef = 3F38E9322A7C46E900DEE602 /* MainView.swift */; };
		3F571B542A74AA7B0059A858 /* Product2.swift in Sources */ = {isa = PBXBuildFile; fileRef = 3F571B532A74AA7B0059A858 /* Product2.swift */; };
		3F7D435E2A886479004DD9EE /* QuestionView.swift in Sources */ = {isa = PBXBuildFile; fileRef = 3F7D435D2A886478004DD9EE /* QuestionView.swift */; };
		3F84C5392A7828F500D1982C /* Product1.swift in Sources */ = {isa = PBXBuildFile; fileRef = 3F84C5382A7828F500D1982C /* Product1.swift */; };
		3F84C53B2A782E8700D1982C /* Product3.swift in Sources */ = {isa = PBXBuildFile; fileRef = 3F84C53A2A782E8700D1982C /* Product3.swift */; };
		3F84C53D2A784A5F00D1982C /* RestView.swift in Sources */ = {isa = PBXBuildFile; fileRef = 3F84C53C2A784A5F00D1982C /* RestView.swift */; };
		3F8C04A52A7446690027EBBB /* KWK_AppApp.swift in Sources */ = {isa = PBXBuildFile; fileRef = 3F8C04A42A7446690027EBBB /* KWK_AppApp.swift */; };
		3F8C04A72A7446690027EBBB /* ContentView.swift in Sources */ = {isa = PBXBuildFile; fileRef = 3F8C04A62A7446690027EBBB /* ContentView.swift */; };
		3F8C04A92A74466B0027EBBB /* assets.xcassets in Resources */ = {isa = PBXBuildFile; fileRef = 3F8C04A82A74466B0027EBBB /* assets.xcassets */; };
		3F8C04AC2A74466B0027EBBB /* Preview Assets.xcassets in Resources */ = {isa = PBXBuildFile; fileRef = 3F8C04AB2A74466B0027EBBB /* Preview Assets.xcassets */; };
		3F8C04B62A74466C0027EBBB /* KWK_AppTests.swift in Sources */ = {isa = PBXBuildFile; fileRef = 3F8C04B52A74466C0027EBBB /* KWK_AppTests.swift */; };
		3F8C04C02A74466C0027EBBB /* KWK_AppUITests.swift in Sources */ = {isa = PBXBuildFile; fileRef = 3F8C04BF2A74466C0027EBBB /* KWK_AppUITests.swift */; };
		3F8C04C22A74466C0027EBBB /* KWK_AppUITestsLaunchTests.swift in Sources */ = {isa = PBXBuildFile; fileRef = 3F8C04C12A74466C0027EBBB /* KWK_AppUITestsLaunchTests.swift */; };
		3F939FBB2A87DBFB002D005C /* entryvideo.mov in Resources */ = {isa = PBXBuildFile; fileRef = 3F939FBA2A87DBF7002D005C /* entryvideo.mov */; };
		3F939FBC2A87DBFB002D005C /* entryvideo.mov in Resources */ = {isa = PBXBuildFile; fileRef = 3F939FBA2A87DBF7002D005C /* entryvideo.mov */; };
		3F939FBD2A87DBFB002D005C /* entryvideo.mov in Resources */ = {isa = PBXBuildFile; fileRef = 3F939FBA2A87DBF7002D005C /* entryvideo.mov */; };
		3FFF9FE32A8177D200F80CD6 /* FinderView.swift in Sources */ = {isa = PBXBuildFile; fileRef = 3FFF9FE22A8177D200F80CD6 /* FinderView.swift */; };
/* End PBXBuildFile section */

/* Begin PBXContainerItemProxy section */
		3F8C04B22A74466B0027EBBB /* PBXContainerItemProxy */ = {
			isa = PBXContainerItemProxy;
			containerPortal = 3F8C04992A7446690027EBBB /* Project object */;
			proxyType = 1;
			remoteGlobalIDString = 3F8C04A02A7446690027EBBB;
			remoteInfo = "KWK App";
		};
		3F8C04BC2A74466C0027EBBB /* PBXContainerItemProxy */ = {
			isa = PBXContainerItemProxy;
			containerPortal = 3F8C04992A7446690027EBBB /* Project object */;
			proxyType = 1;
			remoteGlobalIDString = 3F8C04A02A7446690027EBBB;
			remoteInfo = "KWK App";
		};
/* End PBXContainerItemProxy section */

/* Begin PBXFileReference section */
		3F38E9322A7C46E900DEE602 /* MainView.swift */ = {isa = PBXFileReference; lastKnownFileType = sourcecode.swift; path = MainView.swift; sourceTree = "<group>"; };
		3F571B532A74AA7B0059A858 /* Product2.swift */ = {isa = PBXFileReference; lastKnownFileType = sourcecode.swift; path = Product2.swift; sourceTree = "<group>"; };
		3F7D435D2A886478004DD9EE /* QuestionView.swift */ = {isa = PBXFileReference; lastKnownFileType = sourcecode.swift; path = QuestionView.swift; sourceTree = "<group>"; };
		3F84C5382A7828F500D1982C /* Product1.swift */ = {isa = PBXFileReference; lastKnownFileType = sourcecode.swift; path = Product1.swift; sourceTree = "<group>"; };
		3F84C53A2A782E8700D1982C /* Product3.swift */ = {isa = PBXFileReference; lastKnownFileType = sourcecode.swift; path = Product3.swift; sourceTree = "<group>"; };
		3F84C53C2A784A5F00D1982C /* RestView.swift */ = {isa = PBXFileReference; lastKnownFileType = sourcecode.swift; path = RestView.swift; sourceTree = "<group>"; };
		3F8C04A12A7446690027EBBB /* Nutritious.app */ = {isa = PBXFileReference; explicitFileType = wrapper.application; includeInIndex = 0; path = Nutritious.app; sourceTree = BUILT_PRODUCTS_DIR; };
		3F8C04A42A7446690027EBBB /* KWK_AppApp.swift */ = {isa = PBXFileReference; lastKnownFileType = sourcecode.swift; path = KWK_AppApp.swift; sourceTree = "<group>"; };
		3F8C04A62A7446690027EBBB /* ContentView.swift */ = {isa = PBXFileReference; lastKnownFileType = sourcecode.swift; path = ContentView.swift; sourceTree = "<group>"; };
		3F8C04A82A74466B0027EBBB /* assets.xcassets */ = {isa = PBXFileReference; lastKnownFileType = folder.assetcatalog; path = assets.xcassets; sourceTree = "<group>"; };
		3F8C04AB2A74466B0027EBBB /* Preview Assets.xcassets */ = {isa = PBXFileReference; lastKnownFileType = folder.assetcatalog; path = "Preview Assets.xcassets"; sourceTree = "<group>"; };
		3F8C04B12A74466B0027EBBB /* NutritiousTests.xctest */ = {isa = PBXFileReference; explicitFileType = wrapper.cfbundle; includeInIndex = 0; path = NutritiousTests.xctest; sourceTree = BUILT_PRODUCTS_DIR; };
		3F8C04B52A74466C0027EBBB /* KWK_AppTests.swift */ = {isa = PBXFileReference; lastKnownFileType = sourcecode.swift; path = KWK_AppTests.swift; sourceTree = "<group>"; };
		3F8C04BB2A74466C0027EBBB /* NutritiousUITests.xctest */ = {isa = PBXFileReference; explicitFileType = wrapper.cfbundle; includeInIndex = 0; path = NutritiousUITests.xctest; sourceTree = BUILT_PRODUCTS_DIR; };
		3F8C04BF2A74466C0027EBBB /* KWK_AppUITests.swift */ = {isa = PBXFileReference; lastKnownFileType = sourcecode.swift; path = KWK_AppUITests.swift; sourceTree = "<group>"; };
		3F8C04C12A74466C0027EBBB /* KWK_AppUITestsLaunchTests.swift */ = {isa = PBXFileReference; lastKnownFileType = sourcecode.swift; path = KWK_AppUITestsLaunchTests.swift; sourceTree = "<group>"; };
		3F939FBA2A87DBF7002D005C /* entryvideo.mov */ = {isa = PBXFileReference; lastKnownFileType = video.quicktime; path = entryvideo.mov; sourceTree = "<group>"; };
		3F9BA0E22A7ACB6700926648 /* KWK-App-Info.plist */ = {isa = PBXFileReference; lastKnownFileType = text.plist; path = "KWK-App-Info.plist"; sourceTree = SOURCE_ROOT; };
		3F9BA0EB2A7AD25B00926648 /* OptimaEL-Text.ttf */ = {isa = PBXFileReference; lastKnownFileType = file; path = "OptimaEL-Text.ttf"; sourceTree = "<group>"; };
		3F9BA0EC2A7AD25C00926648 /* AkzidenzGroteskBQ-Reg.ttf */ = {isa = PBXFileReference; lastKnownFileType = file; path = "AkzidenzGroteskBQ-Reg.ttf"; sourceTree = "<group>"; };
		3FFF9FE22A8177D200F80CD6 /* FinderView.swift */ = {isa = PBXFileReference; lastKnownFileType = sourcecode.swift; path = FinderView.swift; sourceTree = "<group>"; };
/* End PBXFileReference section */

/* Begin PBXFrameworksBuildPhase section */
		3F8C049E2A7446690027EBBB /* Frameworks */ = {
			isa = PBXFrameworksBuildPhase;
			buildActionMask = 2147483647;
			files = (
			);
			runOnlyForDeploymentPostprocessing = 0;
		};
		3F8C04AE2A74466B0027EBBB /* Frameworks */ = {
			isa = PBXFrameworksBuildPhase;
			buildActionMask = 2147483647;
			files = (
			);
			runOnlyForDeploymentPostprocessing = 0;
		};
		3F8C04B82A74466C0027EBBB /* Frameworks */ = {
			isa = PBXFrameworksBuildPhase;
			buildActionMask = 2147483647;
			files = (
			);
			runOnlyForDeploymentPostprocessing = 0;
		};
/* End PBXFrameworksBuildPhase section */

/* Begin PBXGroup section */
		3F8C04982A7446690027EBBB = {
			isa = PBXGroup;
			children = (
				3F8C04A32A7446690027EBBB /* KWK App */,
				3F8C04B42A74466B0027EBBB /* KWK AppTests */,
				3F8C04BE2A74466C0027EBBB /* KWK AppUITests */,
				3F8C04A22A7446690027EBBB /* Products */,
			);
			sourceTree = "<group>";
		};
		3F8C04A22A7446690027EBBB /* Products */ = {
			isa = PBXGroup;
			children = (
				3F8C04A12A7446690027EBBB /* Nutritious.app */,
				3F8C04B12A74466B0027EBBB /* NutritiousTests.xctest */,
				3F8C04BB2A74466C0027EBBB /* NutritiousUITests.xctest */,
			);
			name = Products;
			sourceTree = "<group>";
		};
		3F8C04A32A7446690027EBBB /* KWK App */ = {
			isa = PBXGroup;
			children = (
				3F9BA0EC2A7AD25C00926648 /* AkzidenzGroteskBQ-Reg.ttf */,
				3F9BA0EB2A7AD25B00926648 /* OptimaEL-Text.ttf */,
				3F9BA0E22A7ACB6700926648 /* KWK-App-Info.plist */,
				3F939FBA2A87DBF7002D005C /* entryvideo.mov */,
				3F8C04A42A7446690027EBBB /* KWK_AppApp.swift */,
				3F8C04A62A7446690027EBBB /* ContentView.swift */,
				3F84C53C2A784A5F00D1982C /* RestView.swift */,
				3F7D435D2A886478004DD9EE /* QuestionView.swift */,
				3FFF9FE22A8177D200F80CD6 /* FinderView.swift */,
				3F38E9322A7C46E900DEE602 /* MainView.swift */,
				3F84C53A2A782E8700D1982C /* Product3.swift */,
				3F571B532A74AA7B0059A858 /* Product2.swift */,
				3F84C5382A7828F500D1982C /* Product1.swift */,
				3F8C04A82A74466B0027EBBB /* assets.xcassets */,
				3F8C04AA2A74466B0027EBBB /* Preview Content */,
			);
			path = "KWK App";
			sourceTree = "<group>";
		};
		3F8C04AA2A74466B0027EBBB /* Preview Content */ = {
			isa = PBXGroup;
			children = (
				3F8C04AB2A74466B0027EBBB /* Preview Assets.xcassets */,
			);
			path = "Preview Content";
			sourceTree = "<group>";
		};
		3F8C04B42A74466B0027EBBB /* KWK AppTests */ = {
			isa = PBXGroup;
			children = (
				3F8C04B52A74466C0027EBBB /* KWK_AppTests.swift */,
			);
			path = "KWK AppTests";
			sourceTree = "<group>";
		};
		3F8C04BE2A74466C0027EBBB /* KWK AppUITests */ = {
			isa = PBXGroup;
			children = (
				3F8C04BF2A74466C0027EBBB /* KWK_AppUITests.swift */,
				3F8C04C12A74466C0027EBBB /* KWK_AppUITestsLaunchTests.swift */,
			);
			path = "KWK AppUITests";
			sourceTree = "<group>";
		};
/* End PBXGroup section */

/* Begin PBXNativeTarget section */
		3F8C04A02A7446690027EBBB /* Nutritious */ = {
			isa = PBXNativeTarget;
			buildConfigurationList = 3F8C04C52A74466C0027EBBB /* Build configuration list for PBXNativeTarget "Nutritious" */;
			buildPhases = (
				3F8C049D2A7446690027EBBB /* Sources */,
				3F8C049E2A7446690027EBBB /* Frameworks */,
				3F8C049F2A7446690027EBBB /* Resources */,
			);
			buildRules = (
			);
			dependencies = (
			);
			name = Nutritious;
			productName = "KWK App";
			productReference = 3F8C04A12A7446690027EBBB /* Nutritious.app */;
			productType = "com.apple.product-type.application";
		};
		3F8C04B02A74466B0027EBBB /* NutritiousTests */ = {
			isa = PBXNativeTarget;
			buildConfigurationList = 3F8C04C82A74466C0027EBBB /* Build configuration list for PBXNativeTarget "NutritiousTests" */;
			buildPhases = (
				3F8C04AD2A74466B0027EBBB /* Sources */,
				3F8C04AE2A74466B0027EBBB /* Frameworks */,
				3F8C04AF2A74466B0027EBBB /* Resources */,
			);
			buildRules = (
			);
			dependencies = (
				3F8C04B32A74466B0027EBBB /* PBXTargetDependency */,
			);
			name = NutritiousTests;
			productName = "KWK AppTests";
			productReference = 3F8C04B12A74466B0027EBBB /* NutritiousTests.xctest */;
			productType = "com.apple.product-type.bundle.unit-test";
		};
		3F8C04BA2A74466C0027EBBB /* NutritiousUITests */ = {
			isa = PBXNativeTarget;
			buildConfigurationList = 3F8C04CB2A74466C0027EBBB /* Build configuration list for PBXNativeTarget "NutritiousUITests" */;
			buildPhases = (
				3F8C04B72A74466C0027EBBB /* Sources */,
				3F8C04B82A74466C0027EBBB /* Frameworks */,
				3F8C04B92A74466C0027EBBB /* Resources */,
			);
			buildRules = (
			);
			dependencies = (
				3F8C04BD2A74466C0027EBBB /* PBXTargetDependency */,
			);
			name = NutritiousUITests;
			productName = "KWK AppUITests";
			productReference = 3F8C04BB2A74466C0027EBBB /* NutritiousUITests.xctest */;
			productType = "com.apple.product-type.bundle.ui-testing";
		};
/* End PBXNativeTarget section */

/* Begin PBXProject section */
		3F8C04992A7446690027EBBB /* Project object */ = {
			isa = PBXProject;
			attributes = {
				BuildIndependentTargetsInParallel = 1;
				LastSwiftUpdateCheck = 1430;
				LastUpgradeCheck = 1430;
				TargetAttributes = {
					3F8C04A02A7446690027EBBB = {
						CreatedOnToolsVersion = 14.3.1;
					};
					3F8C04B02A74466B0027EBBB = {
						CreatedOnToolsVersion = 14.3.1;
						TestTargetID = 3F8C04A02A7446690027EBBB;
					};
					3F8C04BA2A74466C0027EBBB = {
						CreatedOnToolsVersion = 14.3.1;
						TestTargetID = 3F8C04A02A7446690027EBBB;
					};
				};
			};
			buildConfigurationList = 3F8C049C2A7446690027EBBB /* Build configuration list for PBXProject "Nutritious" */;
			compatibilityVersion = "Xcode 14.0";
			developmentRegion = en;
			hasScannedForEncodings = 0;
			knownRegions = (
				en,
				Base,
			);
			mainGroup = 3F8C04982A7446690027EBBB;
			productRefGroup = 3F8C04A22A7446690027EBBB /* Products */;
			projectDirPath = "";
			projectRoot = "";
			targets = (
				3F8C04A02A7446690027EBBB /* Nutritious */,
				3F8C04B02A74466B0027EBBB /* NutritiousTests */,
				3F8C04BA2A74466C0027EBBB /* NutritiousUITests */,
			);
		};
/* End PBXProject section */

/* Begin PBXResourcesBuildPhase section */
		3F8C049F2A7446690027EBBB /* Resources */ = {
			isa = PBXResourcesBuildPhase;
			buildActionMask = 2147483647;
			files = (
				3F939FBB2A87DBFB002D005C /* entryvideo.mov in Resources */,
				3F8C04AC2A74466B0027EBBB /* Preview Assets.xcassets in Resources */,
				3F8C04A92A74466B0027EBBB /* assets.xcassets in Resources */,
			);
			runOnlyForDeploymentPostprocessing = 0;
		};
		3F8C04AF2A74466B0027EBBB /* Resources */ = {
			isa = PBXResourcesBuildPhase;
			buildActionMask = 2147483647;
			files = (
				3F939FBC2A87DBFB002D005C /* entryvideo.mov in Resources */,
			);
			runOnlyForDeploymentPostprocessing = 0;
		};
		3F8C04B92A74466C0027EBBB /* Resources */ = {
			isa = PBXResourcesBuildPhase;
			buildActionMask = 2147483647;
			files = (
				3F939FBD2A87DBFB002D005C /* entryvideo.mov in Resources */,
			);
			runOnlyForDeploymentPostprocessing = 0;
		};
/* End PBXResourcesBuildPhase section */

/* Begin PBXSourcesBuildPhase section */
		3F8C049D2A7446690027EBBB /* Sources */ = {
			isa = PBXSourcesBuildPhase;
			buildActionMask = 2147483647;
			files = (
				3F38E9332A7C46E900DEE602 /* MainView.swift in Sources */,
				3F8C04A72A7446690027EBBB /* ContentView.swift in Sources */,
				3FFF9FE32A8177D200F80CD6 /* FinderView.swift in Sources */,
				3F84C53D2A784A5F00D1982C /* RestView.swift in Sources */,
				3F84C5392A7828F500D1982C /* Product1.swift in Sources */,
				3F84C53B2A782E8700D1982C /* Product3.swift in Sources */,
				3F8C04A52A7446690027EBBB /* KWK_AppApp.swift in Sources */,
				3F7D435E2A886479004DD9EE /* QuestionView.swift in Sources */,
				3F571B542A74AA7B0059A858 /* Product2.swift in Sources */,
			);
			runOnlyForDeploymentPostprocessing = 0;
		};
		3F8C04AD2A74466B0027EBBB /* Sources */ = {
			isa = PBXSourcesBuildPhase;
			buildActionMask = 2147483647;
			files = (
				3F8C04B62A74466C0027EBBB /* KWK_AppTests.swift in Sources */,
			);
			runOnlyForDeploymentPostprocessing = 0;
		};
		3F8C04B72A74466C0027EBBB /* Sources */ = {
			isa = PBXSourcesBuildPhase;
			buildActionMask = 2147483647;
			files = (
				3F8C04C22A74466C0027EBBB /* KWK_AppUITestsLaunchTests.swift in Sources */,
				3F8C04C02A74466C0027EBBB /* KWK_AppUITests.swift in Sources */,
			);
			runOnlyForDeploymentPostprocessing = 0;
		};
/* End PBXSourcesBuildPhase section */

/* Begin PBXTargetDependency section */
		3F8C04B32A74466B0027EBBB /* PBXTargetDependency */ = {
			isa = PBXTargetDependency;
			target = 3F8C04A02A7446690027EBBB /* Nutritious */;
			targetProxy = 3F8C04B22A74466B0027EBBB /* PBXContainerItemProxy */;
		};
		3F8C04BD2A74466C0027EBBB /* PBXTargetDependency */ = {
			isa = PBXTargetDependency;
			target = 3F8C04A02A7446690027EBBB /* Nutritious */;
			targetProxy = 3F8C04BC2A74466C0027EBBB /* PBXContainerItemProxy */;
		};
/* End PBXTargetDependency section */

/* Begin XCBuildConfiguration section */
		3F8C04C32A74466C0027EBBB /* Debug */ = {
			isa = XCBuildConfiguration;
			buildSettings = {
				ALWAYS_SEARCH_USER_PATHS = NO;
				CLANG_ANALYZER_NONNULL = YES;
				CLANG_ANALYZER_NUMBER_OBJECT_CONVERSION = YES_AGGRESSIVE;
				CLANG_CXX_LANGUAGE_STANDARD = "gnu++20";
				CLANG_ENABLE_MODULES = YES;
				CLANG_ENABLE_OBJC_ARC = YES;
				CLANG_ENABLE_OBJC_WEAK = YES;
				CLANG_WARN_BLOCK_CAPTURE_AUTORELEASING = YES;
				CLANG_WARN_BOOL_CONVERSION = YES;
				CLANG_WARN_COMMA = YES;
				CLANG_WARN_CONSTANT_CONVERSION = YES;
				CLANG_WARN_DEPRECATED_OBJC_IMPLEMENTATIONS = YES;
				CLANG_WARN_DIRECT_OBJC_ISA_USAGE = YES_ERROR;
				CLANG_WARN_DOCUMENTATION_COMMENTS = YES;
				CLANG_WARN_EMPTY_BODY = YES;
				CLANG_WARN_ENUM_CONVERSION = YES;
				CLANG_WARN_INFINITE_RECURSION = YES;
				CLANG_WARN_INT_CONVERSION = YES;
				CLANG_WARN_NON_LITERAL_NULL_CONVERSION = YES;
				CLANG_WARN_OBJC_IMPLICIT_RETAIN_SELF = YES;
				CLANG_WARN_OBJC_LITERAL_CONVERSION = YES;
				CLANG_WARN_OBJC_ROOT_CLASS = YES_ERROR;
				CLANG_WARN_QUOTED_INCLUDE_IN_FRAMEWORK_HEADER = YES;
				CLANG_WARN_RANGE_LOOP_ANALYSIS = YES;
				CLANG_WARN_STRICT_PROTOTYPES = YES;
				CLANG_WARN_SUSPICIOUS_MOVE = YES;
				CLANG_WARN_UNGUARDED_AVAILABILITY = YES_AGGRESSIVE;
				CLANG_WARN_UNREACHABLE_CODE = YES;
				CLANG_WARN__DUPLICATE_METHOD_MATCH = YES;
				COPY_PHASE_STRIP = NO;
				DEBUG_INFORMATION_FORMAT = dwarf;
				ENABLE_STRICT_OBJC_MSGSEND = YES;
				ENABLE_TESTABILITY = YES;
				GCC_C_LANGUAGE_STANDARD = gnu11;
				GCC_DYNAMIC_NO_PIC = NO;
				GCC_NO_COMMON_BLOCKS = YES;
				GCC_OPTIMIZATION_LEVEL = 0;
				GCC_PREPROCESSOR_DEFINITIONS = (
					"DEBUG=1",
					"$(inherited)",
				);
				GCC_WARN_64_TO_32_BIT_CONVERSION = YES;
				GCC_WARN_ABOUT_RETURN_TYPE = YES_ERROR;
				GCC_WARN_UNDECLARED_SELECTOR = YES;
				GCC_WARN_UNINITIALIZED_AUTOS = YES_AGGRESSIVE;
				GCC_WARN_UNUSED_FUNCTION = YES;
				GCC_WARN_UNUSED_VARIABLE = YES;
				IPHONEOS_DEPLOYMENT_TARGET = 16.4;
				MTL_ENABLE_DEBUG_INFO = INCLUDE_SOURCE;
				MTL_FAST_MATH = YES;
				ONLY_ACTIVE_ARCH = YES;
				SDKROOT = iphoneos;
				SWIFT_ACTIVE_COMPILATION_CONDITIONS = DEBUG;
				SWIFT_OPTIMIZATION_LEVEL = "-Onone";
			};
			name = Debug;
		};
		3F8C04C42A74466C0027EBBB /* Release */ = {
			isa = XCBuildConfiguration;
			buildSettings = {
				ALWAYS_SEARCH_USER_PATHS = NO;
				CLANG_ANALYZER_NONNULL = YES;
				CLANG_ANALYZER_NUMBER_OBJECT_CONVERSION = YES_AGGRESSIVE;
				CLANG_CXX_LANGUAGE_STANDARD = "gnu++20";
				CLANG_ENABLE_MODULES = YES;
				CLANG_ENABLE_OBJC_ARC = YES;
				CLANG_ENABLE_OBJC_WEAK = YES;
				CLANG_WARN_BLOCK_CAPTURE_AUTORELEASING = YES;
				CLANG_WARN_BOOL_CONVERSION = YES;
				CLANG_WARN_COMMA = YES;
				CLANG_WARN_CONSTANT_CONVERSION = YES;
				CLANG_WARN_DEPRECATED_OBJC_IMPLEMENTATIONS = YES;
				CLANG_WARN_DIRECT_OBJC_ISA_USAGE = YES_ERROR;
				CLANG_WARN_DOCUMENTATION_COMMENTS = YES;
				CLANG_WARN_EMPTY_BODY = YES;
				CLANG_WARN_ENUM_CONVERSION = YES;
				CLANG_WARN_INFINITE_RECURSION = YES;
				CLANG_WARN_INT_CONVERSION = YES;
				CLANG_WARN_NON_LITERAL_NULL_CONVERSION = YES;
				CLANG_WARN_OBJC_IMPLICIT_RETAIN_SELF = YES;
				CLANG_WARN_OBJC_LITERAL_CONVERSION = YES;
				CLANG_WARN_OBJC_ROOT_CLASS = YES_ERROR;
				CLANG_WARN_QUOTED_INCLUDE_IN_FRAMEWORK_HEADER = YES;
				CLANG_WARN_RANGE_LOOP_ANALYSIS = YES;
				CLANG_WARN_STRICT_PROTOTYPES = YES;
				CLANG_WARN_SUSPICIOUS_MOVE = YES;
				CLANG_WARN_UNGUARDED_AVAILABILITY = YES_AGGRESSIVE;
				CLANG_WARN_UNREACHABLE_CODE = YES;
				CLANG_WARN__DUPLICATE_METHOD_MATCH = YES;
				COPY_PHASE_STRIP = NO;
				DEBUG_INFORMATION_FORMAT = "dwarf-with-dsym";
				ENABLE_NS_ASSERTIONS = NO;
				ENABLE_STRICT_OBJC_MSGSEND = YES;
				GCC_C_LANGUAGE_STANDARD = gnu11;
				GCC_NO_COMMON_BLOCKS = YES;
				GCC_WARN_64_TO_32_BIT_CONVERSION = YES;
				GCC_WARN_ABOUT_RETURN_TYPE = YES_ERROR;
				GCC_WARN_UNDECLARED_SELECTOR = YES;
				GCC_WARN_UNINITIALIZED_AUTOS = YES_AGGRESSIVE;
				GCC_WARN_UNUSED_FUNCTION = YES;
				GCC_WARN_UNUSED_VARIABLE = YES;
				IPHONEOS_DEPLOYMENT_TARGET = 16.4;
				MTL_ENABLE_DEBUG_INFO = NO;
				MTL_FAST_MATH = YES;
				SDKROOT = iphoneos;
				SWIFT_COMPILATION_MODE = wholemodule;
				SWIFT_OPTIMIZATION_LEVEL = "-O";
				VALIDATE_PRODUCT = YES;
			};
			name = Release;
		};
		3F8C04C62A74466C0027EBBB /* Debug */ = {
			isa = XCBuildConfiguration;
			buildSettings = {
				ASSETCATALOG_COMPILER_APPICON_NAME = AppIcon;
				ASSETCATALOG_COMPILER_GLOBAL_ACCENT_COLOR_NAME = AccentColor;
				CODE_SIGN_STYLE = Automatic;
				CURRENT_PROJECT_VERSION = 1;
				DEVELOPMENT_ASSET_PATHS = "\"KWK App/Preview Content\"";
				ENABLE_PREVIEWS = YES;
				GENERATE_INFOPLIST_FILE = YES;
				INFOPLIST_FILE = "KWK-App-Info.plist";
				INFOPLIST_KEY_UIApplicationSceneManifest_Generation = YES;
				INFOPLIST_KEY_UIApplicationSupportsIndirectInputEvents = YES;
				INFOPLIST_KEY_UILaunchScreen_Generation = YES;
				INFOPLIST_KEY_UISupportedInterfaceOrientations_iPad = "UIInterfaceOrientationPortrait UIInterfaceOrientationPortraitUpsideDown UIInterfaceOrientationLandscapeLeft UIInterfaceOrientationLandscapeRight";
				INFOPLIST_KEY_UISupportedInterfaceOrientations_iPhone = "UIInterfaceOrientationPortrait UIInterfaceOrientationLandscapeLeft UIInterfaceOrientationLandscapeRight";
				LD_RUNPATH_SEARCH_PATHS = (
					"$(inherited)",
					"@executable_path/Frameworks",
				);
				MARKETING_VERSION = 1.0;
				PRODUCT_BUNDLE_IDENTIFIER = "KWK.KWK-App";
				PRODUCT_NAME = "$(TARGET_NAME)";
				SWIFT_EMIT_LOC_STRINGS = YES;
				SWIFT_VERSION = 5.0;
				TARGETED_DEVICE_FAMILY = "1,2";
			};
			name = Debug;
		};
		3F8C04C72A74466C0027EBBB /* Release */ = {
			isa = XCBuildConfiguration;
			buildSettings = {
				ASSETCATALOG_COMPILER_APPICON_NAME = AppIcon;
				ASSETCATALOG_COMPILER_GLOBAL_ACCENT_COLOR_NAME = AccentColor;
				CODE_SIGN_STYLE = Automatic;
				CURRENT_PROJECT_VERSION = 1;
				DEVELOPMENT_ASSET_PATHS = "\"KWK App/Preview Content\"";
				ENABLE_PREVIEWS = YES;
				GENERATE_INFOPLIST_FILE = YES;
				INFOPLIST_FILE = "KWK-App-Info.plist";
				INFOPLIST_KEY_UIApplicationSceneManifest_Generation = YES;
				INFOPLIST_KEY_UIApplicationSupportsIndirectInputEvents = YES;
				INFOPLIST_KEY_UILaunchScreen_Generation = YES;
				INFOPLIST_KEY_UISupportedInterfaceOrientations_iPad = "UIInterfaceOrientationPortrait UIInterfaceOrientationPortraitUpsideDown UIInterfaceOrientationLandscapeLeft UIInterfaceOrientationLandscapeRight";
				INFOPLIST_KEY_UISupportedInterfaceOrientations_iPhone = "UIInterfaceOrientationPortrait UIInterfaceOrientationLandscapeLeft UIInterfaceOrientationLandscapeRight";
				LD_RUNPATH_SEARCH_PATHS = (
					"$(inherited)",
					"@executable_path/Frameworks",
				);
				MARKETING_VERSION = 1.0;
				PRODUCT_BUNDLE_IDENTIFIER = "KWK.KWK-App";
				PRODUCT_NAME = "$(TARGET_NAME)";
				SWIFT_EMIT_LOC_STRINGS = YES;
				SWIFT_VERSION = 5.0;
				TARGETED_DEVICE_FAMILY = "1,2";
			};
			name = Release;
		};
		3F8C04C92A74466C0027EBBB /* Debug */ = {
			isa = XCBuildConfiguration;
			buildSettings = {
				ALWAYS_EMBED_SWIFT_STANDARD_LIBRARIES = YES;
				BUNDLE_LOADER = "$(TEST_HOST)";
				CODE_SIGN_STYLE = Automatic;
				CURRENT_PROJECT_VERSION = 1;
				GENERATE_INFOPLIST_FILE = YES;
				IPHONEOS_DEPLOYMENT_TARGET = 16.4;
				MARKETING_VERSION = 1.0;
				PRODUCT_BUNDLE_IDENTIFIER = "KWK.KWK-AppTests";
				PRODUCT_NAME = "$(TARGET_NAME)";
				SWIFT_EMIT_LOC_STRINGS = NO;
				SWIFT_VERSION = 5.0;
				TARGETED_DEVICE_FAMILY = "1,2";
				TEST_HOST = "$(BUILT_PRODUCTS_DIR)/Nutritious.app/$(BUNDLE_EXECUTABLE_FOLDER_PATH)/Nutritious";
			};
			name = Debug;
		};
		3F8C04CA2A74466C0027EBBB /* Release */ = {
			isa = XCBuildConfiguration;
			buildSettings = {
				ALWAYS_EMBED_SWIFT_STANDARD_LIBRARIES = YES;
				BUNDLE_LOADER = "$(TEST_HOST)";
				CODE_SIGN_STYLE = Automatic;
				CURRENT_PROJECT_VERSION = 1;
				GENERATE_INFOPLIST_FILE = YES;
				IPHONEOS_DEPLOYMENT_TARGET = 16.4;
				MARKETING_VERSION = 1.0;
				PRODUCT_BUNDLE_IDENTIFIER = "KWK.KWK-AppTests";
				PRODUCT_NAME = "$(TARGET_NAME)";
				SWIFT_EMIT_LOC_STRINGS = NO;
				SWIFT_VERSION = 5.0;
				TARGETED_DEVICE_FAMILY = "1,2";
				TEST_HOST = "$(BUILT_PRODUCTS_DIR)/Nutritious.app/$(BUNDLE_EXECUTABLE_FOLDER_PATH)/Nutritious";
			};
			name = Release;
		};
		3F8C04CC2A74466C0027EBBB /* Debug */ = {
			isa = XCBuildConfiguration;
			buildSettings = {
				ALWAYS_EMBED_SWIFT_STANDARD_LIBRARIES = YES;
				CODE_SIGN_STYLE = Automatic;
				CURRENT_PROJECT_VERSION = 1;
				GENERATE_INFOPLIST_FILE = YES;
				MARKETING_VERSION = 1.0;
				PRODUCT_BUNDLE_IDENTIFIER = "KWK.KWK-AppUITests";
				PRODUCT_NAME = "$(TARGET_NAME)";
				SWIFT_EMIT_LOC_STRINGS = NO;
				SWIFT_VERSION = 5.0;
				TARGETED_DEVICE_FAMILY = "1,2";
				TEST_TARGET_NAME = "KWK App";
			};
			name = Debug;
		};
		3F8C04CD2A74466C0027EBBB /* Release */ = {
			isa = XCBuildConfiguration;
			buildSettings = {
				ALWAYS_EMBED_SWIFT_STANDARD_LIBRARIES = YES;
				CODE_SIGN_STYLE = Automatic;
				CURRENT_PROJECT_VERSION = 1;
				GENERATE_INFOPLIST_FILE = YES;
				MARKETING_VERSION = 1.0;
				PRODUCT_BUNDLE_IDENTIFIER = "KWK.KWK-AppUITests";
				PRODUCT_NAME = "$(TARGET_NAME)";
				SWIFT_EMIT_LOC_STRINGS = NO;
				SWIFT_VERSION = 5.0;
				TARGETED_DEVICE_FAMILY = "1,2";
				TEST_TARGET_NAME = "KWK App";
			};
			name = Release;
		};
/* End XCBuildConfiguration section */

/* Begin XCConfigurationList section */
		3F8C049C2A7446690027EBBB /* Build configuration list for PBXProject "Nutritious" */ = {
			isa = XCConfigurationList;
			buildConfigurations = (
				3F8C04C32A74466C0027EBBB /* Debug */,
				3F8C04C42A74466C0027EBBB /* Release */,
			);
			defaultConfigurationIsVisible = 0;
			defaultConfigurationName = Release;
		};
		3F8C04C52A74466C0027EBBB /* Build configuration list for PBXNativeTarget "Nutritious" */ = {
			isa = XCConfigurationList;
			buildConfigurations = (
				3F8C04C62A74466C0027EBBB /* Debug */,
				3F8C04C72A74466C0027EBBB /* Release */,
			);
			defaultConfigurationIsVisible = 0;
			defaultConfigurationName = Release;
		};
		3F8C04C82A74466C0027EBBB /* Build configuration list for PBXNativeTarget "NutritiousTests" */ = {
			isa = XCConfigurationList;
			buildConfigurations = (
				3F8C04C92A74466C0027EBBB /* Debug */,
				3F8C04CA2A74466C0027EBBB /* Release */,
			);
			defaultConfigurationIsVisible = 0;
			defaultConfigurationName = Release;
		};
		3F8C04CB2A74466C0027EBBB /* Build configuration list for PBXNativeTarget "NutritiousUITests" */ = {
			isa = XCConfigurationList;
			buildConfigurations = (
				3F8C04CC2A74466C0027EBBB /* Debug */,
				3F8C04CD2A74466C0027EBBB /* Release */,
			);
			defaultConfigurationIsVisible = 0;
			defaultConfigurationName = Release;
		};
/* End XCConfigurationList section */
	};
	rootObject = 3F8C04992A7446690027EBBB /* Project object */;
}
